
Microsoft Visual Studio Solution File, Format Version 12.00
# Visual Studio Version 16
VisualStudioVersion = 16.0.30104.148
MinimumVisualStudioVersion = 10.0.40219.1
Project("{FAE04EC0-301F-11D3-BF4B-00C04F79EFBC}") = "OnScreenKeyboard", "OnScreenKeyboard\OnScreenKeyboard.csproj", "{9CE4978B-7A45-40D5-ADB7-A358063C86BE}"
EndProject
Global
	GlobalSection(SolutionConfigurationPlatforms) = preSolution
		Debug|Any CPU = Debug|Any CPU
		Release|Any CPU = Release|Any CPU
	EndGlobalSection
	GlobalSection(ProjectConfigurationPlatforms) = postSolution
		{9CE4978B-7A45-40D5-ADB7-A358063C86BE}.Debug|Any CPU.ActiveCfg = Debug|Any CPU
		{9CE4978B-7A45-40D5-ADB7-A358063C86BE}.Debug|Any CPU.Build.0 = Debug|Any CPU
		{9CE4978B-7A45-40D5-ADB7-A358063C86BE}.Release|Any CPU.ActiveCfg = Release|Any CPU
		{9CE4978B-7A45-40D5-ADB7-A358063C86BE}.Release|Any CPU.Build.0 = Release|Any CPU
	EndGlobalSection
	GlobalSection(SolutionProperties) = preSolution
		HideSolutionNode = FALSE
	EndGlobalSection
	GlobalSection(ExtensibilityGlobals) = postSolution
		SolutionGuid = {C51C6D68-E835-4EF0-B3E6-5CDD96804D32}
	EndGlobalSection
EndGlobal
